
Microsoft Visual Studio Solution File, Format Version 12.00
# Visual Studio 14
VisualStudioVersion = 14.0.24720.0
MinimumVisualStudioVersion = 10.0.40219.1
Project("{FAE04EC0-301F-11D3-BF4B-00C04F79EFBC}") = "ExpenceTracker", "ExpenceTracker\ExpenceTracker.csproj", "{1C68A97B-4DF2-4DAA-BD34-CB71B7F84F4D}"
EndProject
Project("{FAE04EC0-301F-11D3-BF4B-00C04F79EFBC}") = "BusinessAccessLayer", "BusinessAccessLayer\BusinessAccessLayer.csproj", "{ECB57813-CDE2-4C78-9595-A0B80B070BE0}"
EndProject
Global
	GlobalSection(SolutionConfigurationPlatforms) = preSolution
		Debug|Any CPU = Debug|Any CPU
		Release|Any CPU = Release|Any CPU
	EndGlobalSection
	GlobalSection(ProjectConfigurationPlatforms) = postSolution
		{1C68A97B-4DF2-4DAA-BD34-CB71B7F84F4D}.Debug|Any CPU.ActiveCfg = Debug|Any CPU
		{1C68A97B-4DF2-4DAA-BD34-CB71B7F84F4D}.Debug|Any CPU.Build.0 = Debug|Any CPU
		{1C68A97B-4DF2-4DAA-BD34-CB71B7F84F4D}.Release|Any CPU.ActiveCfg = Release|Any CPU
		{1C68A97B-4DF2-4DAA-BD34-CB71B7F84F4D}.Release|Any CPU.Build.0 = Release|Any CPU
		{ECB57813-CDE2-4C78-9595-A0B80B070BE0}.Debug|Any CPU.ActiveCfg = Debug|Any CPU
		{ECB57813-CDE2-4C78-9595-A0B80B070BE0}.Debug|Any CPU.Build.0 = Debug|Any CPU
		{ECB57813-CDE2-4C78-9595-A0B80B070BE0}.Release|Any CPU.ActiveCfg = Release|Any CPU
		{ECB57813-CDE2-4C78-9595-A0B80B070BE0}.Release|Any CPU.Build.0 = Release|Any CPU
	EndGlobalSection
	GlobalSection(SolutionProperties) = preSolution
		HideSolutionNode = FALSE
	EndGlobalSection
EndGlobal
